<Solution>
	<Folder Name="/Solution Items/">
		<File Path=".editorconfig" />
		<File Path=".gitattributes" />
		<File Path=".gitignore" />
		<File Path="Directory.Build.props" />
		<File Path="global.json" />
		<File Path="LICENSE" />
	</Folder>
	<Folder Name="/src/">
		<File Path="src/Directory.Build.props" />
		<Project Path="src/Abstractions.Contracts/Abstractions.Contracts.csproj" />
		<Project Path="src/Abstractions.Components/Abstractions.Components.csproj" />
		<Project Path="src/Abstractions.Backend/Abstractions.Backend.csproj" />
		<Project Path="src/Abstractions.Worker/Abstractions.Worker.csproj" />
		<Project Path="src/Abstractions.Web.Server/Abstractions.Web.Server.csproj" />
		<Project Path="src/Abstractions.Migrations/Abstractions.Migrations.csproj" />
	</Folder>
	<Folder Name="/tests/">
		<File Path="tests/Directory.Build.props" />
		<Project Path="tests/Abstractions.Contracts.Tests/Abstractions.Contracts.Tests.csproj" />
		<Project Path="tests/Abstractions.Components.Tests/Abstractions.Components.Tests.csproj" />
		<Project Path="tests/Abstractions.Backend.Tests/Abstractions.Backend.Tests.csproj" />
		<Project Path="tests/Abstractions.Worker.Tests/Abstractions.Worker.Tests.csproj" />
		<Project Path="tests/Abstractions.Web.Server.Tests/Abstractions.Web.Server.Tests.csproj" />
		<Project Path="tests/Abstractions.Migrations.Tests/Abstractions.Migrations.Tests.csproj" />
	</Folder>
</Solution>
