<Solution>
	<Folder Name="/Solution Items/">
		<File Path=".editorconfig" />
		<File Path=".gitattributes" />
		<File Path=".gitignore" />
		<File Path="Directory.Build.props" />
		<File Path="global.json" />
		<File Path="LICENSE" />
	</Folder>
	<Folder Name="/src/">
		<File Path="src/Directory.Build.props" />
		<File Path="src/Directory.Build.targets" />
		<Project Path="src/Abstractions.Backend/Abstractions.Backend.csproj" />
		<Project Path="src/Abstractions.Components/Abstractions.Components.csproj" />
		<Project Path="src/Abstractions.Contracts/Abstractions.Contracts.csproj" />
		<Project Path="src/Abstractions.Emit/Abstractions.Emit.csproj" />
		<Project Path="src/Abstractions.Migrations/Abstractions.Migrations.csproj" />
		<Project Path="src/Abstractions.Web.Server/Abstractions.Web.Server.csproj" />
		<Project Path="src/Abstractions.Worker/Abstractions.Worker.csproj" />
	</Folder>
	<Folder Name="/gen/">
		<File Path="gen/Directory.Build.props" />
		<Project Path="gen/Abstractions.Policy.Analyzers/Abstractions.Policy.Analyzers.csproj" />
		<Project Path="gen/Abstractions.Web.Server.Generator/Abstractions.Web.Server.Generator.csproj" />
	</Folder>
	<Folder Name="/tests/">
		<File Path="tests/Directory.Build.props" />
		<File Path="tests/Directory.Build.targets" />
		<Project Path="tests/Abstractions.Backend.Tests/Abstractions.Backend.Tests.csproj" />
		<Project Path="tests/Abstractions.Components.Tests/Abstractions.Components.Tests.csproj" />
		<Project Path="tests/Abstractions.Contracts.Tests/Abstractions.Contracts.Tests.csproj" />
		<Project Path="tests/Abstractions.Emit.Tests/Abstractions.Emit.Tests.csproj" />
		<Project Path="tests/Abstractions.Migrations.Tests/Abstractions.Migrations.Tests.csproj" />
		<Project Path="tests/Abstractions.Policy.Analyzers.Tests/Abstractions.Policy.Analyzers.Tests.csproj" />
		<Project Path="tests/Abstractions.Web.Server.Generator.Tests/Abstractions.Web.Server.Generator.Tests.csproj" />
		<Project Path="tests/Abstractions.Web.Server.Tests/Abstractions.Web.Server.Tests.csproj" />
		<Project Path="tests/Abstractions.Worker.Tests/Abstractions.Worker.Tests.csproj" />
	</Folder>
</Solution>
